{
  "object": {
    "pins": [
      {
        "package": "swift-nio",
        "repositoryURL": "https://github.com/apple/swift-nio.git",
        "state": {
          "branch": null,
          "revision": "9428f62793696d9a0cc1f26a63f63bb31da0516d",
          "version": "2.66.0"
        }
      }
    ]
  },
  "version": 1
}
